
Microsoft Visual Studio Solution File, Format Version 12.00
# Visual Studio Version 17
VisualStudioVersion = 17.14.36414.22 d17.14
MinimumVisualStudioVersion = 10.0.40219.1
Project("{8BC9CEB8-8B4A-11D0-8D11-00A0C91BC942}") = "roexplorer", "roexplorer.vcxproj", "{28ECB914-7729-472D-9E88-35D35FD5AD4C}"
EndProject
Global
	GlobalSection(SolutionConfigurationPlatforms) = preSolution
		Debug|x64 = Debug|x64
		Debug|x86 = Debug|x86
		Release|x64 = Release|x64
		Release|x86 = Release|x86
	EndGlobalSection
	GlobalSection(ProjectConfigurationPlatforms) = postSolution
		{28ECB914-7729-472D-9E88-35D35FD5AD4C}.Debug|x64.ActiveCfg = Debug|x64
		{28ECB914-7729-472D-9E88-35D35FD5AD4C}.Debug|x64.Build.0 = Debug|x64
		{28ECB914-7729-472D-9E88-35D35FD5AD4C}.Debug|x86.ActiveCfg = Debug|Win32
		{28ECB914-7729-472D-9E88-35D35FD5AD4C}.Debug|x86.Build.0 = Debug|Win32
		{28ECB914-7729-472D-9E88-35D35FD5AD4C}.Release|x64.ActiveCfg = Release|x64
		{28ECB914-7729-472D-9E88-35D35FD5AD4C}.Release|x64.Build.0 = Release|x64
		{28ECB914-7729-472D-9E88-35D35FD5AD4C}.Release|x86.ActiveCfg = Release|Win32
		{28ECB914-7729-472D-9E88-35D35FD5AD4C}.Release|x86.Build.0 = Release|Win32
	EndGlobalSection
	GlobalSection(SolutionProperties) = preSolution
		HideSolutionNode = FALSE
	EndGlobalSection
	GlobalSection(ExtensibilityGlobals) = postSolution
		SolutionGuid = {7952B614-08BB-4297-9559-1171A590221A}
	EndGlobalSection
EndGlobal
